// !$*UTF8*$!
{
	archiveVersion = 1;
	classes = {
	};
	objectVersion = 50;
	objects = {

/* Begin PBXBuildFile section */
		5134D51722F2CE8400CA14CF /* AppDelegate.swift in Sources */ = {isa = PBXBuildFile; fileRef = 5134D51622F2CE8400CA14CF /* AppDelegate.swift */; };
		5134D51922F2CE8400CA14CF /* ViewController.swift in Sources */ = {isa = PBXBuildFile; fileRef = 5134D51822F2CE8400CA14CF /* ViewController.swift */; };
		5134D51C22F2CE8400CA14CF /* Main.storyboard in Resources */ = {isa = PBXBuildFile; fileRef = 5134D51A22F2CE8400CA14CF /* Main.storyboard */; };
		5134D51E22F2CE8500CA14CF /* Assets.xcassets in Resources */ = {isa = PBXBuildFile; fileRef = 5134D51D22F2CE8500CA14CF /* Assets.xcassets */; };
		5134D52122F2CE8500CA14CF /* LaunchScreen.storyboard in Resources */ = {isa = PBXBuildFile; fileRef = 5134D51F22F2CE8500CA14CF /* LaunchScreen.storyboard */; };
		5134D52C22F2CE8500CA14CF /* HZQ_SwiftTests.swift in Sources */ = {isa = PBXBuildFile; fileRef = 5134D52B22F2CE8500CA14CF /* HZQ_SwiftTests.swift */; };
		5134D53722F2CE8500CA14CF /* HZQ_SwiftUITests.swift in Sources */ = {isa = PBXBuildFile; fileRef = 5134D53622F2CE8500CA14CF /* HZQ_SwiftUITests.swift */; };
		5134D55122F2D7E000CA14CF /* HZFindViewController.swift in Sources */ = {isa = PBXBuildFile; fileRef = 5134D55022F2D7E000CA14CF /* HZFindViewController.swift */; };
		5134D55322F2D80400CA14CF /* HZHomeViewController.swift in Sources */ = {isa = PBXBuildFile; fileRef = 5134D55222F2D80400CA14CF /* HZHomeViewController.swift */; };
		5134D55522F2D81C00CA14CF /* HZListenViewController.swift in Sources */ = {isa = PBXBuildFile; fileRef = 5134D55422F2D81C00CA14CF /* HZListenViewController.swift */; };
		5134D55722F2D82500CA14CF /* HZMineViewController.swift in Sources */ = {isa = PBXBuildFile; fileRef = 5134D55622F2D82500CA14CF /* HZMineViewController.swift */; };
		5134D55922F2D83600CA14CF /* HZPlayViewController.swift in Sources */ = {isa = PBXBuildFile; fileRef = 5134D55822F2D83600CA14CF /* HZPlayViewController.swift */; };
		5134D59122F2DEE300CA14CF /* HZNavigationController.swift in Sources */ = {isa = PBXBuildFile; fileRef = 5134D59022F2DEE300CA14CF /* HZNavigationController.swift */; };
		5134D59F22F2DF0300CA14CF /* LBFMCustomLabel.swift in Sources */ = {isa = PBXBuildFile; fileRef = 5134D59322F2DF0200CA14CF /* LBFMCustomLabel.swift */; };
		5134D5A022F2DF0300CA14CF /* WRNavigationBar.swift in Sources */ = {isa = PBXBuildFile; fileRef = 5134D59522F2DF0200CA14CF /* WRNavigationBar.swift */; };
		5134D5A122F2DF0300CA14CF /* WRCustomNavigationBar.swift in Sources */ = {isa = PBXBuildFile; fileRef = 5134D59622F2DF0200CA14CF /* WRCustomNavigationBar.swift */; };
		5134D5A222F2DF0300CA14CF /* WRProxy.swift in Sources */ = {isa = PBXBuildFile; fileRef = 5134D59822F2DF0200CA14CF /* WRProxy.swift */; };
		5134D5A322F2DF0300CA14CF /* WRCycleScrollView.swift in Sources */ = {isa = PBXBuildFile; fileRef = 5134D59922F2DF0200CA14CF /* WRCycleScrollView.swift */; };
		5134D5A422F2DF0300CA14CF /* WRCycleCell.swift in Sources */ = {isa = PBXBuildFile; fileRef = 5134D59A22F2DF0200CA14CF /* WRCycleCell.swift */; };
		5134D5A522F2DF0300CA14CF /* URefresh.swift in Sources */ = {isa = PBXBuildFile; fileRef = 5134D59C22F2DF0200CA14CF /* URefresh.swift */; };
		5134D5A622F2DF0300CA14CF /* ReplicatorLayer.swift in Sources */ = {isa = PBXBuildFile; fileRef = 5134D59E22F2DF0200CA14CF /* ReplicatorLayer.swift */; };
		5134D5A822F2DF7C00CA14CF /* HZHeader.swift in Sources */ = {isa = PBXBuildFile; fileRef = 5134D5A722F2DF7C00CA14CF /* HZHeader.swift */; };
		5134D5AA22F2E1A600CA14CF /* HZBasicContentView.swift in Sources */ = {isa = PBXBuildFile; fileRef = 5134D5A922F2E1A600CA14CF /* HZBasicContentView.swift */; };
		5134D5AC22F2E20100CA14CF /* HZBouncesContentView.swift in Sources */ = {isa = PBXBuildFile; fileRef = 5134D5AB22F2E20100CA14CF /* HZBouncesContentView.swift */; };
		5134D5AE22F2E29300CA14CF /* HZIrregularityBasicContentView.swift in Sources */ = {isa = PBXBuildFile; fileRef = 5134D5AD22F2E29300CA14CF /* HZIrregularityBasicContentView.swift */; };
		5134D5B522F3CA3500CA14CF /* HZHomeRecommendController.swift in Sources */ = {isa = PBXBuildFile; fileRef = 5134D5B422F3CA3500CA14CF /* HZHomeRecommendController.swift */; };
		5134D5B722F3CA5200CA14CF /* HZHomeClassifyViewController.swift in Sources */ = {isa = PBXBuildFile; fileRef = 5134D5B622F3CA5200CA14CF /* HZHomeClassifyViewController.swift */; };
		5134D5B922F3CA6500CA14CF /* HZHomeBroadcastViewController.swift in Sources */ = {isa = PBXBuildFile; fileRef = 5134D5B822F3CA6500CA14CF /* HZHomeBroadcastViewController.swift */; };
		5134D5BB22F3CA7700CA14CF /* HZHomeLiveViewController.swift in Sources */ = {isa = PBXBuildFile; fileRef = 5134D5BA22F3CA7700CA14CF /* HZHomeLiveViewController.swift */; };
		5134D5BD22F3CA8B00CA14CF /* HZHomeVIPViewController.swift in Sources */ = {isa = PBXBuildFile; fileRef = 5134D5BC22F3CA8B00CA14CF /* HZHomeVIPViewController.swift */; };
		5134D5C422F3D34800CA14CF /* HZHomeGuessYouLikeMoreViewController.swift in Sources */ = {isa = PBXBuildFile; fileRef = 5134D5C322F3D34800CA14CF /* HZHomeGuessYouLikeMoreViewController.swift */; };
		5134D5C622F3E2CE00CA14CF /* HZRecommendViewModel.swift in Sources */ = {isa = PBXBuildFile; fileRef = 5134D5C522F3E2CE00CA14CF /* HZRecommendViewModel.swift */; };
		5134D5CA22F3E5BB00CA14CF /* HZRecommendHeaderCell.swift in Sources */ = {isa = PBXBuildFile; fileRef = 5134D5C922F3E5BB00CA14CF /* HZRecommendHeaderCell.swift */; };
		5134D5CC22F4183D00CA14CF /* HZRecommendModel.swift in Sources */ = {isa = PBXBuildFile; fileRef = 5134D5CB22F4183D00CA14CF /* HZRecommendModel.swift */; };
		5134D5CE22F4217700CA14CF /* HZRecommendAPI.swift in Sources */ = {isa = PBXBuildFile; fileRef = 5134D5CD22F4217700CA14CF /* HZRecommendAPI.swift */; };
		5134D5D022F42E5800CA14CF /* HZWebViewController.swift in Sources */ = {isa = PBXBuildFile; fileRef = 5134D5CF22F42E5800CA14CF /* HZWebViewController.swift */; };
		5145987122F80AD900F71533 /* HZRecommendGridCell.swift in Sources */ = {isa = PBXBuildFile; fileRef = 5145987022F80AD900F71533 /* HZRecommendGridCell.swift */; };
		5145987422F9537200F71533 /* HZRecommendNewsCell.swift in Sources */ = {isa = PBXBuildFile; fileRef = 5145987322F9537200F71533 /* HZRecommendNewsCell.swift */; };
		5145987722F96E0400F71533 /* HZRecommendGuessLikeCell.swift in Sources */ = {isa = PBXBuildFile; fileRef = 5145987622F96E0400F71533 /* HZRecommendGuessLikeCell.swift */; };
		5145987922F96EE400F71533 /* HZGuessYouLikeCell.swift in Sources */ = {isa = PBXBuildFile; fileRef = 5145987822F96EE400F71533 /* HZGuessYouLikeCell.swift */; };
		5145987B22FA657500F71533 /* HZRecommendHeaderView.swift in Sources */ = {isa = PBXBuildFile; fileRef = 5145987A22FA657500F71533 /* HZRecommendHeaderView.swift */; };
		5145987E22FAA7D800F71533 /* HZHotAudioBookCell.swift in Sources */ = {isa = PBXBuildFile; fileRef = 5145987D22FAA7D800F71533 /* HZHotAudioBookCell.swift */; };
		5145988022FABE6200F71533 /* HZHotAudioBooMainCell.swift in Sources */ = {isa = PBXBuildFile; fileRef = 5145987F22FABE6200F71533 /* HZHotAudioBooMainCell.swift */; };
		5145988322FBD02400F71533 /* HZAdvertCell.swift in Sources */ = {isa = PBXBuildFile; fileRef = 5145988222FBD02400F71533 /* HZAdvertCell.swift */; };
		5145988622FC0C2200F71533 /* HZOneKeyListenCell.swift in Sources */ = {isa = PBXBuildFile; fileRef = 5145988522FC0C2200F71533 /* HZOneKeyListenCell.swift */; };
		5145988822FC1BB800F71533 /* HZMainOneKeyListenCell.swift in Sources */ = {isa = PBXBuildFile; fileRef = 5145988722FC1BB800F71533 /* HZMainOneKeyListenCell.swift */; };
		5145988B22FD056300F71533 /* HZRecommendLiveCell.swift in Sources */ = {isa = PBXBuildFile; fileRef = 5145988A22FD056300F71533 /* HZRecommendLiveCell.swift */; };
		51B7ADB822FD135F00FD9424 /* HZHomeRecommendLiveCell.swift in Sources */ = {isa = PBXBuildFile; fileRef = 51B7ADB722FD135F00FD9424 /* HZHomeRecommendLiveCell.swift */; };
		51B7ADC022FD492600FD9424 /* HZListenSubscibeController.swift in Sources */ = {isa = PBXBuildFile; fileRef = 51B7ADBF22FD492600FD9424 /* HZListenSubscibeController.swift */; };
		51B7ADC222FD493D00FD9424 /* HZListenRecommendController.swift in Sources */ = {isa = PBXBuildFile; fileRef = 51B7ADC122FD493D00FD9424 /* HZListenRecommendController.swift */; };
		51B7ADC422FD495700FD9424 /* HZListenChannelController.swift in Sources */ = {isa = PBXBuildFile; fileRef = 51B7ADC322FD495700FD9424 /* HZListenChannelController.swift */; };
		51B7ADE422FD50C400FD9424 /* HZListenHeaderView.swift in Sources */ = {isa = PBXBuildFile; fileRef = 51B7ADE322FD50C400FD9424 /* HZListenHeaderView.swift */; };
		51B7ADE822FD520400FD9424 /* listenRecommend.json in Resources */ = {isa = PBXBuildFile; fileRef = 51B7ADE522FD520400FD9424 /* listenRecommend.json */; };
		51B7ADE922FD520400FD9424 /* listenSubscibe.json in Resources */ = {isa = PBXBuildFile; fileRef = 51B7ADE622FD520400FD9424 /* listenSubscibe.json */; };
		51B7ADEA22FD520400FD9424 /* listenMoreChannel.json in Resources */ = {isa = PBXBuildFile; fileRef = 51B7ADE722FD520400FD9424 /* listenMoreChannel.json */; };
		51F2871D2300FA0300BBCAC4 /* HZListenAPI.swift in Sources */ = {isa = PBXBuildFile; fileRef = 51F2871C2300FA0300BBCAC4 /* HZListenAPI.swift */; };
		51F2871F2300FF0600BBCAC4 /* HZListenSubscibeViewModel.swift in Sources */ = {isa = PBXBuildFile; fileRef = 51F2871E2300FF0600BBCAC4 /* HZListenSubscibeViewModel.swift */; };
		51F287212300FF6B00BBCAC4 /* HZListenModel.swift in Sources */ = {isa = PBXBuildFile; fileRef = 51F287202300FF6B00BBCAC4 /* HZListenModel.swift */; };
		51F28723230111CD00BBCAC4 /* HZListenFooterView.swift in Sources */ = {isa = PBXBuildFile; fileRef = 51F28722230111CD00BBCAC4 /* HZListenFooterView.swift */; };
		51F2872523013F2300BBCAC4 /* HZListenSubscibeCell.swift in Sources */ = {isa = PBXBuildFile; fileRef = 51F2872423013F2300BBCAC4 /* HZListenSubscibeCell.swift */; };
		51F287272302499F00BBCAC4 /* HZListenChannelCell.swift in Sources */ = {isa = PBXBuildFile; fileRef = 51F287262302499F00BBCAC4 /* HZListenChannelCell.swift */; };
		51F2872923024B8400BBCAC4 /* HZOneKeyListenLTCell.swift in Sources */ = {isa = PBXBuildFile; fileRef = 51F2872823024B8400BBCAC4 /* HZOneKeyListenLTCell.swift */; };
		51F2872B23024C0E00BBCAC4 /* HZListenChannelViewModel.swift in Sources */ = {isa = PBXBuildFile; fileRef = 51F2872A23024C0E00BBCAC4 /* HZListenChannelViewModel.swift */; };
		51F2872D2302940200BBCAC4 /* HZListenRecommendCell.swift in Sources */ = {isa = PBXBuildFile; fileRef = 51F2872C2302940200BBCAC4 /* HZListenRecommendCell.swift */; };
		51F2872F2302A3AD00BBCAC4 /* HZListenRecommendViewModel.swift in Sources */ = {isa = PBXBuildFile; fileRef = 51F2872E2302A3AD00BBCAC4 /* HZListenRecommendViewModel.swift */; };
		51F2873923039F7400BBCAC4 /* HZFindAttentionController.swift in Sources */ = {isa = PBXBuildFile; fileRef = 51F2873823039F7400BBCAC4 /* HZFindAttentionController.swift */; };
		51F2874023039FC500BBCAC4 /* HZFindRecommendController.swift in Sources */ = {isa = PBXBuildFile; fileRef = 51F2873F23039FC500BBCAC4 /* HZFindRecommendController.swift */; };
		51F2874223039FE500BBCAC4 /* HZFindDudController.swift in Sources */ = {isa = PBXBuildFile; fileRef = 51F2874123039FE500BBCAC4 /* HZFindDudController.swift */; };
		51F287462303A03400BBCAC4 /* FindAttention.json in Resources */ = {isa = PBXBuildFile; fileRef = 51F287432303A03400BBCAC4 /* FindAttention.json */; };
		51F287472303A03400BBCAC4 /* FindDud.json in Resources */ = {isa = PBXBuildFile; fileRef = 51F287442303A03400BBCAC4 /* FindDud.json */; };
		51F287482303A03400BBCAC4 /* FindRecommend.json in Resources */ = {isa = PBXBuildFile; fileRef = 51F287452303A03400BBCAC4 /* FindRecommend.json */; };
		51F2874A2303A59300BBCAC4 /* HZFindModel.swift in Sources */ = {isa = PBXBuildFile; fileRef = 51F287492303A59300BBCAC4 /* HZFindModel.swift */; };
		51F2874C2303F1FB00BBCAC4 /* HZFindHeaderView.swift in Sources */ = {isa = PBXBuildFile; fileRef = 51F2874B2303F1FB00BBCAC4 /* HZFindHeaderView.swift */; };
		51F2874E2303F3DA00BBCAC4 /* HZFindCell.swift in Sources */ = {isa = PBXBuildFile; fileRef = 51F2874D2303F3DA00BBCAC4 /* HZFindCell.swift */; };
		A78339745B362C01D8CF2114 /* Pods_HZQ_Swift.framework in Frameworks */ = {isa = PBXBuildFile; fileRef = 08A5A991B4D5654ECB278F47 /* Pods_HZQ_Swift.framework */; };
/* End PBXBuildFile section */

/* Begin PBXContainerItemProxy section */
		5134D52822F2CE8500CA14CF /* PBXContainerItemProxy */ = {
			isa = PBXContainerItemProxy;
			containerPortal = 5134D50B22F2CE8400CA14CF /* Project object */;
			proxyType = 1;
			remoteGlobalIDString = 5134D51222F2CE8400CA14CF;
			remoteInfo = "HZQ-Swift";
		};
		5134D53322F2CE8500CA14CF /* PBXContainerItemProxy */ = {
			isa = PBXContainerItemProxy;
			containerPortal = 5134D50B22F2CE8400CA14CF /* Project object */;
			proxyType = 1;
			remoteGlobalIDString = 5134D51222F2CE8400CA14CF;
			remoteInfo = "HZQ-Swift";
		};
/* End PBXContainerItemProxy section */

/* Begin PBXFileReference section */
		08A5A991B4D5654ECB278F47 /* Pods_HZQ_Swift.framework */ = {isa = PBXFileReference; explicitFileType = wrapper.framework; includeInIndex = 0; path = Pods_HZQ_Swift.framework; sourceTree = BUILT_PRODUCTS_DIR; };
		28B143BEF488C71844A2675B /* Pods-HZQ-Swift.release.xcconfig */ = {isa = PBXFileReference; includeInIndex = 1; lastKnownFileType = text.xcconfig; name = "Pods-HZQ-Swift.release.xcconfig"; path = "Pods/Target Support Files/Pods-HZQ-Swift/Pods-HZQ-Swift.release.xcconfig"; sourceTree = "<group>"; };
		5134D51322F2CE8400CA14CF /* HZQ-Swift.app */ = {isa = PBXFileReference; explicitFileType = wrapper.application; includeInIndex = 0; path = "HZQ-Swift.app"; sourceTree = BUILT_PRODUCTS_DIR; };
		5134D51622F2CE8400CA14CF /* AppDelegate.swift */ = {isa = PBXFileReference; lastKnownFileType = sourcecode.swift; path = AppDelegate.swift; sourceTree = "<group>"; };
		5134D51822F2CE8400CA14CF /* ViewController.swift */ = {isa = PBXFileReference; lastKnownFileType = sourcecode.swift; path = ViewController.swift; sourceTree = "<group>"; };
		5134D51B22F2CE8400CA14CF /* Base */ = {isa = PBXFileReference; lastKnownFileType = file.storyboard; name = Base; path = Base.lproj/Main.storyboard; sourceTree = "<group>"; };
		5134D51D22F2CE8500CA14CF /* Assets.xcassets */ = {isa = PBXFileReference; lastKnownFileType = folder.assetcatalog; path = Assets.xcassets; sourceTree = "<group>"; };
		5134D52022F2CE8500CA14CF /* Base */ = {isa = PBXFileReference; lastKnownFileType = file.storyboard; name = Base; path = Base.lproj/LaunchScreen.storyboard; sourceTree = "<group>"; };
		5134D52222F2CE8500CA14CF /* Info.plist */ = {isa = PBXFileReference; lastKnownFileType = text.plist.xml; path = Info.plist; sourceTree = "<group>"; };
		5134D52722F2CE8500CA14CF /* HZQ-SwiftTests.xctest */ = {isa = PBXFileReference; explicitFileType = wrapper.cfbundle; includeInIndex = 0; path = "HZQ-SwiftTests.xctest"; sourceTree = BUILT_PRODUCTS_DIR; };
		5134D52B22F2CE8500CA14CF /* HZQ_SwiftTests.swift */ = {isa = PBXFileReference; lastKnownFileType = sourcecode.swift; path = HZQ_SwiftTests.swift; sourceTree = "<group>"; };
		5134D52D22F2CE8500CA14CF /* Info.plist */ = {isa = PBXFileReference; lastKnownFileType = text.plist.xml; path = Info.plist; sourceTree = "<group>"; };
		5134D53222F2CE8500CA14CF /* HZQ-SwiftUITests.xctest */ = {isa = PBXFileReference; explicitFileType = wrapper.cfbundle; includeInIndex = 0; path = "HZQ-SwiftUITests.xctest"; sourceTree = BUILT_PRODUCTS_DIR; };
		5134D53622F2CE8500CA14CF /* HZQ_SwiftUITests.swift */ = {isa = PBXFileReference; lastKnownFileType = sourcecode.swift; path = HZQ_SwiftUITests.swift; sourceTree = "<group>"; };
		5134D53822F2CE8500CA14CF /* Info.plist */ = {isa = PBXFileReference; lastKnownFileType = text.plist.xml; path = Info.plist; sourceTree = "<group>"; };
		5134D55022F2D7E000CA14CF /* HZFindViewController.swift */ = {isa = PBXFileReference; lastKnownFileType = sourcecode.swift; path = HZFindViewController.swift; sourceTree = "<group>"; };
		5134D55222F2D80400CA14CF /* HZHomeViewController.swift */ = {isa = PBXFileReference; lastKnownFileType = sourcecode.swift; path = HZHomeViewController.swift; sourceTree = "<group>"; };
		5134D55422F2D81C00CA14CF /* HZListenViewController.swift */ = {isa = PBXFileReference; lastKnownFileType = sourcecode.swift; path = HZListenViewController.swift; sourceTree = "<group>"; };
		5134D55622F2D82500CA14CF /* HZMineViewController.swift */ = {isa = PBXFileReference; lastKnownFileType = sourcecode.swift; path = HZMineViewController.swift; sourceTree = "<group>"; };
		5134D55822F2D83600CA14CF /* HZPlayViewController.swift */ = {isa = PBXFileReference; lastKnownFileType = sourcecode.swift; path = HZPlayViewController.swift; sourceTree = "<group>"; };
		5134D59022F2DEE300CA14CF /* HZNavigationController.swift */ = {isa = PBXFileReference; lastKnownFileType = sourcecode.swift; path = HZNavigationController.swift; sourceTree = "<group>"; };
		5134D59322F2DF0200CA14CF /* LBFMCustomLabel.swift */ = {isa = PBXFileReference; fileEncoding = 4; lastKnownFileType = sourcecode.swift; path = LBFMCustomLabel.swift; sourceTree = "<group>"; };
		5134D59522F2DF0200CA14CF /* WRNavigationBar.swift */ = {isa = PBXFileReference; fileEncoding = 4; lastKnownFileType = sourcecode.swift; path = WRNavigationBar.swift; sourceTree = "<group>"; };
		5134D59622F2DF0200CA14CF /* WRCustomNavigationBar.swift */ = {isa = PBXFileReference; fileEncoding = 4; lastKnownFileType = sourcecode.swift; path = WRCustomNavigationBar.swift; sourceTree = "<group>"; };
		5134D59822F2DF0200CA14CF /* WRProxy.swift */ = {isa = PBXFileReference; fileEncoding = 4; lastKnownFileType = sourcecode.swift; path = WRProxy.swift; sourceTree = "<group>"; };
		5134D59922F2DF0200CA14CF /* WRCycleScrollView.swift */ = {isa = PBXFileReference; fileEncoding = 4; lastKnownFileType = sourcecode.swift; path = WRCycleScrollView.swift; sourceTree = "<group>"; };
		5134D59A22F2DF0200CA14CF /* WRCycleCell.swift */ = {isa = PBXFileReference; fileEncoding = 4; lastKnownFileType = sourcecode.swift; path = WRCycleCell.swift; sourceTree = "<group>"; };
		5134D59C22F2DF0200CA14CF /* URefresh.swift */ = {isa = PBXFileReference; fileEncoding = 4; lastKnownFileType = sourcecode.swift; path = URefresh.swift; sourceTree = "<group>"; };
		5134D59E22F2DF0200CA14CF /* ReplicatorLayer.swift */ = {isa = PBXFileReference; fileEncoding = 4; lastKnownFileType = sourcecode.swift; path = ReplicatorLayer.swift; sourceTree = "<group>"; };
		5134D5A722F2DF7C00CA14CF /* HZHeader.swift */ = {isa = PBXFileReference; lastKnownFileType = sourcecode.swift; path = HZHeader.swift; sourceTree = "<group>"; };
		5134D5A922F2E1A600CA14CF /* HZBasicContentView.swift */ = {isa = PBXFileReference; lastKnownFileType = sourcecode.swift; path = HZBasicContentView.swift; sourceTree = "<group>"; };
		5134D5AB22F2E20100CA14CF /* HZBouncesContentView.swift */ = {isa = PBXFileReference; lastKnownFileType = sourcecode.swift; path = HZBouncesContentView.swift; sourceTree = "<group>"; };
		5134D5AD22F2E29300CA14CF /* HZIrregularityBasicContentView.swift */ = {isa = PBXFileReference; lastKnownFileType = sourcecode.swift; path = HZIrregularityBasicContentView.swift; sourceTree = "<group>"; };
		5134D5B422F3CA3500CA14CF /* HZHomeRecommendController.swift */ = {isa = PBXFileReference; lastKnownFileType = sourcecode.swift; path = HZHomeRecommendController.swift; sourceTree = "<group>"; };
		5134D5B622F3CA5200CA14CF /* HZHomeClassifyViewController.swift */ = {isa = PBXFileReference; lastKnownFileType = sourcecode.swift; path = HZHomeClassifyViewController.swift; sourceTree = "<group>"; };
		5134D5B822F3CA6500CA14CF /* HZHomeBroadcastViewController.swift */ = {isa = PBXFileReference; lastKnownFileType = sourcecode.swift; path = HZHomeBroadcastViewController.swift; sourceTree = "<group>"; };
		5134D5BA22F3CA7700CA14CF /* HZHomeLiveViewController.swift */ = {isa = PBXFileReference; lastKnownFileType = sourcecode.swift; path = HZHomeLiveViewController.swift; sourceTree = "<group>"; };
		5134D5BC22F3CA8B00CA14CF /* HZHomeVIPViewController.swift */ = {isa = PBXFileReference; lastKnownFileType = sourcecode.swift; path = HZHomeVIPViewController.swift; sourceTree = "<group>"; };
		5134D5C322F3D34800CA14CF /* HZHomeGuessYouLikeMoreViewController.swift */ = {isa = PBXFileReference; lastKnownFileType = sourcecode.swift; path = HZHomeGuessYouLikeMoreViewController.swift; sourceTree = "<group>"; };
		5134D5C522F3E2CE00CA14CF /* HZRecommendViewModel.swift */ = {isa = PBXFileReference; lastKnownFileType = sourcecode.swift; path = HZRecommendViewModel.swift; sourceTree = "<group>"; };
		5134D5C922F3E5BB00CA14CF /* HZRecommendHeaderCell.swift */ = {isa = PBXFileReference; lastKnownFileType = sourcecode.swift; path = HZRecommendHeaderCell.swift; sourceTree = "<group>"; };
		5134D5CB22F4183D00CA14CF /* HZRecommendModel.swift */ = {isa = PBXFileReference; lastKnownFileType = sourcecode.swift; path = HZRecommendModel.swift; sourceTree = "<group>"; };
		5134D5CD22F4217700CA14CF /* HZRecommendAPI.swift */ = {isa = PBXFileReference; lastKnownFileType = sourcecode.swift; path = HZRecommendAPI.swift; sourceTree = "<group>"; };
		5134D5CF22F42E5800CA14CF /* HZWebViewController.swift */ = {isa = PBXFileReference; lastKnownFileType = sourcecode.swift; path = HZWebViewController.swift; sourceTree = "<group>"; };
		5145987022F80AD900F71533 /* HZRecommendGridCell.swift */ = {isa = PBXFileReference; lastKnownFileType = sourcecode.swift; path = HZRecommendGridCell.swift; sourceTree = "<group>"; };
		5145987322F9537200F71533 /* HZRecommendNewsCell.swift */ = {isa = PBXFileReference; lastKnownFileType = sourcecode.swift; path = HZRecommendNewsCell.swift; sourceTree = "<group>"; };
		5145987622F96E0400F71533 /* HZRecommendGuessLikeCell.swift */ = {isa = PBXFileReference; lastKnownFileType = sourcecode.swift; path = HZRecommendGuessLikeCell.swift; sourceTree = "<group>"; };
		5145987822F96EE400F71533 /* HZGuessYouLikeCell.swift */ = {isa = PBXFileReference; lastKnownFileType = sourcecode.swift; path = HZGuessYouLikeCell.swift; sourceTree = "<group>"; };
		5145987A22FA657500F71533 /* HZRecommendHeaderView.swift */ = {isa = PBXFileReference; lastKnownFileType = sourcecode.swift; path = HZRecommendHeaderView.swift; sourceTree = "<group>"; wrapsLines = 0; };
		5145987D22FAA7D800F71533 /* HZHotAudioBookCell.swift */ = {isa = PBXFileReference; lastKnownFileType = sourcecode.swift; path = HZHotAudioBookCell.swift; sourceTree = "<group>"; };
		5145987F22FABE6200F71533 /* HZHotAudioBooMainCell.swift */ = {isa = PBXFileReference; lastKnownFileType = sourcecode.swift; path = HZHotAudioBooMainCell.swift; sourceTree = "<group>"; };
		5145988222FBD02400F71533 /* HZAdvertCell.swift */ = {isa = PBXFileReference; lastKnownFileType = sourcecode.swift; path = HZAdvertCell.swift; sourceTree = "<group>"; };
		5145988522FC0C2200F71533 /* HZOneKeyListenCell.swift */ = {isa = PBXFileReference; lastKnownFileType = sourcecode.swift; path = HZOneKeyListenCell.swift; sourceTree = "<group>"; };
		5145988722FC1BB800F71533 /* HZMainOneKeyListenCell.swift */ = {isa = PBXFileReference; lastKnownFileType = sourcecode.swift; path = HZMainOneKeyListenCell.swift; sourceTree = "<group>"; };
		5145988A22FD056300F71533 /* HZRecommendLiveCell.swift */ = {isa = PBXFileReference; lastKnownFileType = sourcecode.swift; path = HZRecommendLiveCell.swift; sourceTree = "<group>"; };
		51B7ADB722FD135F00FD9424 /* HZHomeRecommendLiveCell.swift */ = {isa = PBXFileReference; lastKnownFileType = sourcecode.swift; path = HZHomeRecommendLiveCell.swift; sourceTree = "<group>"; };
		51B7ADBF22FD492600FD9424 /* HZListenSubscibeController.swift */ = {isa = PBXFileReference; lastKnownFileType = sourcecode.swift; path = HZListenSubscibeController.swift; sourceTree = "<group>"; };
		51B7ADC122FD493D00FD9424 /* HZListenRecommendController.swift */ = {isa = PBXFileReference; lastKnownFileType = sourcecode.swift; path = HZListenRecommendController.swift; sourceTree = "<group>"; };
		51B7ADC322FD495700FD9424 /* HZListenChannelController.swift */ = {isa = PBXFileReference; lastKnownFileType = sourcecode.swift; path = HZListenChannelController.swift; sourceTree = "<group>"; };
		51B7ADE322FD50C400FD9424 /* HZListenHeaderView.swift */ = {isa = PBXFileReference; lastKnownFileType = sourcecode.swift; path = HZListenHeaderView.swift; sourceTree = "<group>"; };
		51B7ADE522FD520400FD9424 /* listenRecommend.json */ = {isa = PBXFileReference; fileEncoding = 4; lastKnownFileType = text.json; path = listenRecommend.json; sourceTree = "<group>"; };
		51B7ADE622FD520400FD9424 /* listenSubscibe.json */ = {isa = PBXFileReference; fileEncoding = 4; lastKnownFileType = text.json; path = listenSubscibe.json; sourceTree = "<group>"; };
		51B7ADE722FD520400FD9424 /* listenMoreChannel.json */ = {isa = PBXFileReference; fileEncoding = 4; lastKnownFileType = text.json; path = listenMoreChannel.json; sourceTree = "<group>"; };
		51F2871C2300FA0300BBCAC4 /* HZListenAPI.swift */ = {isa = PBXFileReference; lastKnownFileType = sourcecode.swift; path = HZListenAPI.swift; sourceTree = "<group>"; };
		51F2871E2300FF0600BBCAC4 /* HZListenSubscibeViewModel.swift */ = {isa = PBXFileReference; lastKnownFileType = sourcecode.swift; path = HZListenSubscibeViewModel.swift; sourceTree = "<group>"; };
		51F287202300FF6B00BBCAC4 /* HZListenModel.swift */ = {isa = PBXFileReference; lastKnownFileType = sourcecode.swift; path = HZListenModel.swift; sourceTree = "<group>"; };
		51F28722230111CD00BBCAC4 /* HZListenFooterView.swift */ = {isa = PBXFileReference; lastKnownFileType = sourcecode.swift; path = HZListenFooterView.swift; sourceTree = "<group>"; };
		51F2872423013F2300BBCAC4 /* HZListenSubscibeCell.swift */ = {isa = PBXFileReference; lastKnownFileType = sourcecode.swift; path = HZListenSubscibeCell.swift; sourceTree = "<group>"; };
		51F287262302499F00BBCAC4 /* HZListenChannelCell.swift */ = {isa = PBXFileReference; lastKnownFileType = sourcecode.swift; path = HZListenChannelCell.swift; sourceTree = "<group>"; };
		51F2872823024B8400BBCAC4 /* HZOneKeyListenLTCell.swift */ = {isa = PBXFileReference; lastKnownFileType = sourcecode.swift; path = HZOneKeyListenLTCell.swift; sourceTree = "<group>"; };
		51F2872A23024C0E00BBCAC4 /* HZListenChannelViewModel.swift */ = {isa = PBXFileReference; lastKnownFileType = sourcecode.swift; path = HZListenChannelViewModel.swift; sourceTree = "<group>"; };
		51F2872C2302940200BBCAC4 /* HZListenRecommendCell.swift */ = {isa = PBXFileReference; lastKnownFileType = sourcecode.swift; path = HZListenRecommendCell.swift; sourceTree = "<group>"; };
		51F2872E2302A3AD00BBCAC4 /* HZListenRecommendViewModel.swift */ = {isa = PBXFileReference; lastKnownFileType = sourcecode.swift; path = HZListenRecommendViewModel.swift; sourceTree = "<group>"; };
		51F2873823039F7400BBCAC4 /* HZFindAttentionController.swift */ = {isa = PBXFileReference; lastKnownFileType = sourcecode.swift; path = HZFindAttentionController.swift; sourceTree = "<group>"; };
		51F2873F23039FC500BBCAC4 /* HZFindRecommendController.swift */ = {isa = PBXFileReference; lastKnownFileType = sourcecode.swift; path = HZFindRecommendController.swift; sourceTree = "<group>"; };
		51F2874123039FE500BBCAC4 /* HZFindDudController.swift */ = {isa = PBXFileReference; lastKnownFileType = sourcecode.swift; path = HZFindDudController.swift; sourceTree = "<group>"; };
		51F287432303A03400BBCAC4 /* FindAttention.json */ = {isa = PBXFileReference; fileEncoding = 4; lastKnownFileType = text.json; path = FindAttention.json; sourceTree = "<group>"; };
		51F287442303A03400BBCAC4 /* FindDud.json */ = {isa = PBXFileReference; fileEncoding = 4; lastKnownFileType = text.json; path = FindDud.json; sourceTree = "<group>"; };
		51F287452303A03400BBCAC4 /* FindRecommend.json */ = {isa = PBXFileReference; fileEncoding = 4; lastKnownFileType = text.json; path = FindRecommend.json; sourceTree = "<group>"; };
		51F287492303A59300BBCAC4 /* HZFindModel.swift */ = {isa = PBXFileReference; lastKnownFileType = sourcecode.swift; path = HZFindModel.swift; sourceTree = "<group>"; };
		51F2874B2303F1FB00BBCAC4 /* HZFindHeaderView.swift */ = {isa = PBXFileReference; lastKnownFileType = sourcecode.swift; path = HZFindHeaderView.swift; sourceTree = "<group>"; };
		51F2874D2303F3DA00BBCAC4 /* HZFindCell.swift */ = {isa = PBXFileReference; lastKnownFileType = sourcecode.swift; path = HZFindCell.swift; sourceTree = "<group>"; };
		61CEC67C3F9C0535A120E221 /* Pods-HZQ-Swift.debug.xcconfig */ = {isa = PBXFileReference; includeInIndex = 1; lastKnownFileType = text.xcconfig; name = "Pods-HZQ-Swift.debug.xcconfig"; path = "Pods/Target Support Files/Pods-HZQ-Swift/Pods-HZQ-Swift.debug.xcconfig"; sourceTree = "<group>"; };
/* End PBXFileReference section */

/* Begin PBXFrameworksBuildPhase section */
		5134D51022F2CE8400CA14CF /* Frameworks */ = {
			isa = PBXFrameworksBuildPhase;
			buildActionMask = 2147483647;
			files = (
				A78339745B362C01D8CF2114 /* Pods_HZQ_Swift.framework in Frameworks */,
			);
			runOnlyForDeploymentPostprocessing = 0;
		};
		5134D52422F2CE8500CA14CF /* Frameworks */ = {
			isa = PBXFrameworksBuildPhase;
			buildActionMask = 2147483647;
			files = (
			);
			runOnlyForDeploymentPostprocessing = 0;
		};
		5134D52F22F2CE8500CA14CF /* Frameworks */ = {
			isa = PBXFrameworksBuildPhase;
			buildActionMask = 2147483647;
			files = (
			);
			runOnlyForDeploymentPostprocessing = 0;
		};
/* End PBXFrameworksBuildPhase section */

/* Begin PBXGroup section */
		37BEDBBF606A52BFC0A4F8ED /* Pods */ = {
			isa = PBXGroup;
			children = (
				61CEC67C3F9C0535A120E221 /* Pods-HZQ-Swift.debug.xcconfig */,
				28B143BEF488C71844A2675B /* Pods-HZQ-Swift.release.xcconfig */,
			);
			name = Pods;
			sourceTree = "<group>";
		};
		5134D50A22F2CE8400CA14CF = {
			isa = PBXGroup;
			children = (
				5134D51522F2CE8400CA14CF /* HZQ-Swift */,
				5134D52A22F2CE8500CA14CF /* HZQ-SwiftTests */,
				5134D53522F2CE8500CA14CF /* HZQ-SwiftUITests */,
				5134D51422F2CE8400CA14CF /* Products */,
				37BEDBBF606A52BFC0A4F8ED /* Pods */,
				B2453FD0BD612B9C8565CC3F /* Frameworks */,
			);
			sourceTree = "<group>";
		};
		5134D51422F2CE8400CA14CF /* Products */ = {
			isa = PBXGroup;
			children = (
				5134D51322F2CE8400CA14CF /* HZQ-Swift.app */,
				5134D52722F2CE8500CA14CF /* HZQ-SwiftTests.xctest */,
				5134D53222F2CE8500CA14CF /* HZQ-SwiftUITests.xctest */,
			);
			name = Products;
			sourceTree = "<group>";
		};
		5134D51522F2CE8400CA14CF /* HZQ-Swift */ = {
			isa = PBXGroup;
			children = (
				5134D54622F2CF3F00CA14CF /* AppDelegate */,
				5134D54422F2CF3F00CA14CF /* Common */,
				5134D54522F2CF3F00CA14CF /* Controller */,
				5134D54822F2CF4000CA14CF /* Lib */,
				5134D54722F2CF3F00CA14CF /* Other */,
				5134D51A22F2CE8400CA14CF /* Main.storyboard */,
				5134D51D22F2CE8500CA14CF /* Assets.xcassets */,
				5134D51F22F2CE8500CA14CF /* LaunchScreen.storyboard */,
				5134D52222F2CE8500CA14CF /* Info.plist */,
			);
			path = "HZQ-Swift";
			sourceTree = "<group>";
		};
		5134D52A22F2CE8500CA14CF /* HZQ-SwiftTests */ = {
			isa = PBXGroup;
			children = (
				5134D52B22F2CE8500CA14CF /* HZQ_SwiftTests.swift */,
				5134D52D22F2CE8500CA14CF /* Info.plist */,
			);
			path = "HZQ-SwiftTests";
			sourceTree = "<group>";
		};
		5134D53522F2CE8500CA14CF /* HZQ-SwiftUITests */ = {
			isa = PBXGroup;
			children = (
				5134D53622F2CE8500CA14CF /* HZQ_SwiftUITests.swift */,
				5134D53822F2CE8500CA14CF /* Info.plist */,
			);
			path = "HZQ-SwiftUITests";
			sourceTree = "<group>";
		};
		5134D54422F2CF3F00CA14CF /* Common */ = {
			isa = PBXGroup;
			children = (
				5134D5A722F2DF7C00CA14CF /* HZHeader.swift */,
			);
			path = Common;
			sourceTree = "<group>";
		};
		5134D54522F2CF3F00CA14CF /* Controller */ = {
			isa = PBXGroup;
			children = (
				5134D54F22F2D79400CA14CF /* Main */,
				5134D54E22F2D78E00CA14CF /* 喜马拉雅 */,
				5134D54D22F2D78500CA14CF /* Find */,
				5134D54C22F2D77E00CA14CF /* Home */,
				5134D54B22F2D77300CA14CF /* Listen */,
				5134D54A22F2D76D00CA14CF /* Mine */,
				5134D54922F2D75500CA14CF /* Play */,
			);
			path = Controller;
			sourceTree = "<group>";
		};
		5134D54622F2CF3F00CA14CF /* AppDelegate */ = {
			isa = PBXGroup;
			children = (
				5134D51622F2CE8400CA14CF /* AppDelegate.swift */,
				5134D51822F2CE8400CA14CF /* ViewController.swift */,
			);
			path = AppDelegate;
			sourceTree = "<group>";
		};
		5134D54722F2CF3F00CA14CF /* Other */ = {
			isa = PBXGroup;
			children = (
			);
			path = Other;
			sourceTree = "<group>";
		};
		5134D54822F2CF4000CA14CF /* Lib */ = {
			isa = PBXGroup;
			children = (
				5134D59222F2DF0200CA14CF /* CustomLabel */,
				5134D59B22F2DF0200CA14CF /* Refresh */,
				5134D59D22F2DF0200CA14CF /* ReplicatorLayer */,
				5134D59422F2DF0200CA14CF /* WRNavigationBar */,
			);
			path = Lib;
			sourceTree = "<group>";
		};
		5134D54922F2D75500CA14CF /* Play */ = {
			isa = PBXGroup;
			children = (
				5134D55822F2D83600CA14CF /* HZPlayViewController.swift */,
			);
			path = Play;
			sourceTree = "<group>";
		};
		5134D54A22F2D76D00CA14CF /* Mine */ = {
			isa = PBXGroup;
			children = (
				5134D55622F2D82500CA14CF /* HZMineViewController.swift */,
			);
			path = Mine;
			sourceTree = "<group>";
		};
		5134D54B22F2D77300CA14CF /* Listen */ = {
			isa = PBXGroup;
			children = (
				5134D55422F2D81C00CA14CF /* HZListenViewController.swift */,
				51B7ADBE22FD48FC00FD9424 /* API */,
				51B7ADBD22FD48F600FD9424 /* Model */,
				51B7ADBC22FD48F000FD9424 /* View */,
				51B7ADBB22FD48E200FD9424 /* 听订阅 */,
				51B7ADBA22FD48D800FD9424 /* 听推荐 */,
				51B7ADB922FD48CD00FD9424 /* 一键听 */,
			);
			path = Listen;
			sourceTree = "<group>";
		};
		5134D54C22F2D77E00CA14CF /* Home */ = {
			isa = PBXGroup;
			children = (
				5134D55222F2D80400CA14CF /* HZHomeViewController.swift */,
				5134D5B322F3C9F500CA14CF /* 推荐 */,
				5134D5B222F3C9EC00CA14CF /* 分类 */,
				5134D5B122F3C9E600CA14CF /* 广播 */,
				5134D5B022F3C9E000CA14CF /* 直播 */,
				5134D5AF22F3C9D900CA14CF /* VIP */,
			);
			path = Home;
			sourceTree = "<group>";
		};
		5134D54D22F2D78500CA14CF /* Find */ = {
			isa = PBXGroup;
			children = (
				5134D55022F2D7E000CA14CF /* HZFindViewController.swift */,
				51F2873423039E9100BBCAC4 /* Controller */,
				51F2873323039E8A00BBCAC4 /* API */,
				51F2873223039E8000BBCAC4 /* Model */,
				51F2873123039E7900BBCAC4 /* View */,
				51F2873023039E5F00BBCAC4 /* ViewModel */,
			);
			path = Find;
			sourceTree = "<group>";
		};
		5134D54E22F2D78E00CA14CF /* 喜马拉雅 */ = {
			isa = PBXGroup;
			children = (
			);
			path = "喜马拉雅";
			sourceTree = "<group>";
		};
		5134D54F22F2D79400CA14CF /* Main */ = {
			isa = PBXGroup;
			children = (
				5134D59022F2DEE300CA14CF /* HZNavigationController.swift */,
				5134D5A922F2E1A600CA14CF /* HZBasicContentView.swift */,
				5134D5AB22F2E20100CA14CF /* HZBouncesContentView.swift */,
				5134D5AD22F2E29300CA14CF /* HZIrregularityBasicContentView.swift */,
			);
			path = Main;
			sourceTree = "<group>";
		};
		5134D59222F2DF0200CA14CF /* CustomLabel */ = {
			isa = PBXGroup;
			children = (
				5134D59322F2DF0200CA14CF /* LBFMCustomLabel.swift */,
			);
			path = CustomLabel;
			sourceTree = "<group>";
		};
		5134D59422F2DF0200CA14CF /* WRNavigationBar */ = {
			isa = PBXGroup;
			children = (
				5134D59522F2DF0200CA14CF /* WRNavigationBar.swift */,
				5134D59622F2DF0200CA14CF /* WRCustomNavigationBar.swift */,
				5134D59722F2DF0200CA14CF /* WRCycleScrollView */,
			);
			path = WRNavigationBar;
			sourceTree = "<group>";
		};
		5134D59722F2DF0200CA14CF /* WRCycleScrollView */ = {
			isa = PBXGroup;
			children = (
				5134D59822F2DF0200CA14CF /* WRProxy.swift */,
				5134D59922F2DF0200CA14CF /* WRCycleScrollView.swift */,
				5134D59A22F2DF0200CA14CF /* WRCycleCell.swift */,
			);
			path = WRCycleScrollView;
			sourceTree = "<group>";
		};
		5134D59B22F2DF0200CA14CF /* Refresh */ = {
			isa = PBXGroup;
			children = (
				5134D59C22F2DF0200CA14CF /* URefresh.swift */,
			);
			path = Refresh;
			sourceTree = "<group>";
		};
		5134D59D22F2DF0200CA14CF /* ReplicatorLayer */ = {
			isa = PBXGroup;
			children = (
				5134D59E22F2DF0200CA14CF /* ReplicatorLayer.swift */,
			);
			path = ReplicatorLayer;
			sourceTree = "<group>";
		};
		5134D5AF22F3C9D900CA14CF /* VIP */ = {
			isa = PBXGroup;
			children = (
				5134D5BC22F3CA8B00CA14CF /* HZHomeVIPViewController.swift */,
			);
			path = VIP;
			sourceTree = "<group>";
		};
		5134D5B022F3C9E000CA14CF /* 直播 */ = {
			isa = PBXGroup;
			children = (
				5134D5BA22F3CA7700CA14CF /* HZHomeLiveViewController.swift */,
			);
			path = "直播";
			sourceTree = "<group>";
		};
		5134D5B122F3C9E600CA14CF /* 广播 */ = {
			isa = PBXGroup;
			children = (
				5134D5B822F3CA6500CA14CF /* HZHomeBroadcastViewController.swift */,
			);
			path = "广播";
			sourceTree = "<group>";
		};
		5134D5B222F3C9EC00CA14CF /* 分类 */ = {
			isa = PBXGroup;
			children = (
				5134D5B622F3CA5200CA14CF /* HZHomeClassifyViewController.swift */,
			);
			path = "分类";
			sourceTree = "<group>";
		};
		5134D5B322F3C9F500CA14CF /* 推荐 */ = {
			isa = PBXGroup;
			children = (
				5134D5B422F3CA3500CA14CF /* HZHomeRecommendController.swift */,
				5134D5CF22F42E5800CA14CF /* HZWebViewController.swift */,
				5134D5C222F3D30600CA14CF /* API */,
				5134D5C122F3D2EF00CA14CF /* Controller */,
				5134D5C022F3D2E500CA14CF /* Model */,
				5134D5BF22F3D2DE00CA14CF /* View */,
				5134D5BE22F3D2D300CA14CF /* ViewModel */,
			);
			path = "推荐";
			sourceTree = "<group>";
		};
		5134D5BE22F3D2D300CA14CF /* ViewModel */ = {
			isa = PBXGroup;
			children = (
				5134D5C522F3E2CE00CA14CF /* HZRecommendViewModel.swift */,
			);
			path = ViewModel;
			sourceTree = "<group>";
		};
		5134D5BF22F3D2DE00CA14CF /* View */ = {
			isa = PBXGroup;
			children = (
				5145988922FD054200F71533 /* 推荐直播 */,
				5145988422FC0BF400F71533 /* 懒人电台 */,
				5145988122FBCFF200F71533 /* 广告 */,
				5145987C22FAA79300F71533 /* 最热有声书 */,
				5145987522F96DB400F71533 /* 猜你喜欢 */,
				5145987222F9533C00F71533 /* NewsCell */,
				5145986F22F80ABA00F71533 /* 九宫格 */,
				5134D5C822F3E57400CA14CF /* HZHeaderViewCell */,
				5134D5C722F3E4DA00CA14CF /* 组头组尾试图 */,
			);
			path = View;
			sourceTree = "<group>";
		};
		5134D5C022F3D2E500CA14CF /* Model */ = {
			isa = PBXGroup;
			children = (
				5134D5CB22F4183D00CA14CF /* HZRecommendModel.swift */,
			);
			path = Model;
			sourceTree = "<group>";
		};
		5134D5C122F3D2EF00CA14CF /* Controller */ = {
			isa = PBXGroup;
			children = (
				5134D5C322F3D34800CA14CF /* HZHomeGuessYouLikeMoreViewController.swift */,
			);
			path = Controller;
			sourceTree = "<group>";
		};
		5134D5C222F3D30600CA14CF /* API */ = {
			isa = PBXGroup;
			children = (
				5134D5CD22F4217700CA14CF /* HZRecommendAPI.swift */,
			);
			path = API;
			sourceTree = "<group>";
		};
		5134D5C722F3E4DA00CA14CF /* 组头组尾试图 */ = {
			isa = PBXGroup;
			children = (
				5145987A22FA657500F71533 /* HZRecommendHeaderView.swift */,
			);
			path = "组头组尾试图";
			sourceTree = "<group>";
		};
		5134D5C822F3E57400CA14CF /* HZHeaderViewCell */ = {
			isa = PBXGroup;
			children = (
				5134D5C922F3E5BB00CA14CF /* HZRecommendHeaderCell.swift */,
			);
			path = HZHeaderViewCell;
			sourceTree = "<group>";
		};
		5145986F22F80ABA00F71533 /* 九宫格 */ = {
			isa = PBXGroup;
			children = (
				5145987022F80AD900F71533 /* HZRecommendGridCell.swift */,
			);
			path = "九宫格";
			sourceTree = "<group>";
		};
		5145987222F9533C00F71533 /* NewsCell */ = {
			isa = PBXGroup;
			children = (
				5145987322F9537200F71533 /* HZRecommendNewsCell.swift */,
			);
			path = NewsCell;
			sourceTree = "<group>";
		};
		5145987522F96DB400F71533 /* 猜你喜欢 */ = {
			isa = PBXGroup;
			children = (
				5145987622F96E0400F71533 /* HZRecommendGuessLikeCell.swift */,
				5145987822F96EE400F71533 /* HZGuessYouLikeCell.swift */,
			);
			path = "猜你喜欢";
			sourceTree = "<group>";
		};
		5145987C22FAA79300F71533 /* 最热有声书 */ = {
			isa = PBXGroup;
			children = (
				5145987F22FABE6200F71533 /* HZHotAudioBooMainCell.swift */,
				5145987D22FAA7D800F71533 /* HZHotAudioBookCell.swift */,
			);
			path = "最热有声书";
			sourceTree = "<group>";
		};
		5145988122FBCFF200F71533 /* 广告 */ = {
			isa = PBXGroup;
			children = (
				5145988222FBD02400F71533 /* HZAdvertCell.swift */,
			);
			path = "广告";
			sourceTree = "<group>";
		};
		5145988422FC0BF400F71533 /* 懒人电台 */ = {
			isa = PBXGroup;
			children = (
				5145988722FC1BB800F71533 /* HZMainOneKeyListenCell.swift */,
				5145988522FC0C2200F71533 /* HZOneKeyListenCell.swift */,
			);
			path = "懒人电台";
			sourceTree = "<group>";
		};
		5145988922FD054200F71533 /* 推荐直播 */ = {
			isa = PBXGroup;
			children = (
				5145988A22FD056300F71533 /* HZRecommendLiveCell.swift */,
				51B7ADB722FD135F00FD9424 /* HZHomeRecommendLiveCell.swift */,
			);
			path = "推荐直播";
			sourceTree = "<group>";
		};
		51B7ADB922FD48CD00FD9424 /* 一键听 */ = {
			isa = PBXGroup;
			children = (
				51B7ADC322FD495700FD9424 /* HZListenChannelController.swift */,
				51B7ADCA22FD498500FD9424 /* ViewModel */,
				51B7ADC922FD497D00FD9424 /* View */,
			);
			path = "一键听";
			sourceTree = "<group>";
		};
		51B7ADBA22FD48D800FD9424 /* 听推荐 */ = {
			isa = PBXGroup;
			children = (
				51B7ADC122FD493D00FD9424 /* HZListenRecommendController.swift */,
				51B7ADC822FD497300FD9424 /* ViewModel */,
				51B7ADC722FD496E00FD9424 /* View */,
			);
			path = "听推荐";
			sourceTree = "<group>";
		};
		51B7ADBB22FD48E200FD9424 /* 听订阅 */ = {
			isa = PBXGroup;
			children = (
				51B7ADBF22FD492600FD9424 /* HZListenSubscibeController.swift */,
				51B7ADC622FD496800FD9424 /* ViewModel */,
				51B7ADC522FD495F00FD9424 /* View */,
			);
			path = "听订阅";
			sourceTree = "<group>";
		};
		51B7ADBC22FD48F000FD9424 /* View */ = {
			isa = PBXGroup;
			children = (
				51B7ADE322FD50C400FD9424 /* HZListenHeaderView.swift */,
			);
			path = View;
			sourceTree = "<group>";
		};
		51B7ADBD22FD48F600FD9424 /* Model */ = {
			isa = PBXGroup;
			children = (
				51F287202300FF6B00BBCAC4 /* HZListenModel.swift */,
			);
			path = Model;
			sourceTree = "<group>";
		};
		51B7ADBE22FD48FC00FD9424 /* API */ = {
			isa = PBXGroup;
			children = (
				51F2871C2300FA0300BBCAC4 /* HZListenAPI.swift */,
				51B7ADE722FD520400FD9424 /* listenMoreChannel.json */,
				51B7ADE522FD520400FD9424 /* listenRecommend.json */,
				51B7ADE622FD520400FD9424 /* listenSubscibe.json */,
			);
			path = API;
			sourceTree = "<group>";
		};
		51B7ADC522FD495F00FD9424 /* View */ = {
			isa = PBXGroup;
			children = (
				51F28722230111CD00BBCAC4 /* HZListenFooterView.swift */,
				51F2872423013F2300BBCAC4 /* HZListenSubscibeCell.swift */,
			);
			path = View;
			sourceTree = "<group>";
		};
		51B7ADC622FD496800FD9424 /* ViewModel */ = {
			isa = PBXGroup;
			children = (
				51F2871E2300FF0600BBCAC4 /* HZListenSubscibeViewModel.swift */,
			);
			path = ViewModel;
			sourceTree = "<group>";
		};
		51B7ADC722FD496E00FD9424 /* View */ = {
			isa = PBXGroup;
			children = (
				51F2872C2302940200BBCAC4 /* HZListenRecommendCell.swift */,
			);
			path = View;
			sourceTree = "<group>";
		};
		51B7ADC822FD497300FD9424 /* ViewModel */ = {
			isa = PBXGroup;
			children = (
				51F2872E2302A3AD00BBCAC4 /* HZListenRecommendViewModel.swift */,
			);
			path = ViewModel;
			sourceTree = "<group>";
		};
		51B7ADC922FD497D00FD9424 /* View */ = {
			isa = PBXGroup;
			children = (
				51F287262302499F00BBCAC4 /* HZListenChannelCell.swift */,
				51F2872823024B8400BBCAC4 /* HZOneKeyListenLTCell.swift */,
			);
			path = View;
			sourceTree = "<group>";
		};
		51B7ADCA22FD498500FD9424 /* ViewModel */ = {
			isa = PBXGroup;
			children = (
				51F2872A23024C0E00BBCAC4 /* HZListenChannelViewModel.swift */,
			);
			path = ViewModel;
			sourceTree = "<group>";
		};
		51F2873023039E5F00BBCAC4 /* ViewModel */ = {
			isa = PBXGroup;
			children = (
			);
			path = ViewModel;
			sourceTree = "<group>";
		};
		51F2873123039E7900BBCAC4 /* View */ = {
			isa = PBXGroup;
			children = (
				51F2874B2303F1FB00BBCAC4 /* HZFindHeaderView.swift */,
				51F2874D2303F3DA00BBCAC4 /* HZFindCell.swift */,
			);
			path = View;
			sourceTree = "<group>";
		};
		51F2873223039E8000BBCAC4 /* Model */ = {
			isa = PBXGroup;
			children = (
				51F287492303A59300BBCAC4 /* HZFindModel.swift */,
			);
			path = Model;
			sourceTree = "<group>";
		};
		51F2873323039E8A00BBCAC4 /* API */ = {
			isa = PBXGroup;
			children = (
				51F287432303A03400BBCAC4 /* FindAttention.json */,
				51F287442303A03400BBCAC4 /* FindDud.json */,
				51F287452303A03400BBCAC4 /* FindRecommend.json */,
			);
			path = API;
			sourceTree = "<group>";
		};
		51F2873423039E9100BBCAC4 /* Controller */ = {
			isa = PBXGroup;
			children = (
				51F2873723039ED400BBCAC4 /* 关注动态 */,
				51F2873623039ECC00BBCAC4 /* 推荐动态 */,
				51F2873523039EB500BBCAC4 /* 趣配音 */,
			);
			path = Controller;
			sourceTree = "<group>";
		};
		51F2873523039EB500BBCAC4 /* 趣配音 */ = {
			isa = PBXGroup;
			children = (
				51F2874123039FE500BBCAC4 /* HZFindDudController.swift */,
			);
			path = "趣配音";
			sourceTree = "<group>";
		};
		51F2873623039ECC00BBCAC4 /* 推荐动态 */ = {
			isa = PBXGroup;
			children = (
				51F2873F23039FC500BBCAC4 /* HZFindRecommendController.swift */,
				51F2873E23039FA300BBCAC4 /* Model */,
				51F2873D23039F9D00BBCAC4 /* View */,
				51F2873C23039F9300BBCAC4 /* ViewModel */,
			);
			path = "推荐动态";
			sourceTree = "<group>";
		};
		51F2873723039ED400BBCAC4 /* 关注动态 */ = {
			isa = PBXGroup;
			children = (
				51F2873823039F7400BBCAC4 /* HZFindAttentionController.swift */,
				51F2873B23039F8900BBCAC4 /* View */,
				51F2873A23039F8100BBCAC4 /* ViewModel */,
			);
			path = "关注动态";
			sourceTree = "<group>";
		};
		51F2873A23039F8100BBCAC4 /* ViewModel */ = {
			isa = PBXGroup;
			children = (
			);
			path = ViewModel;
			sourceTree = "<group>";
		};
		51F2873B23039F8900BBCAC4 /* View */ = {
			isa = PBXGroup;
			children = (
			);
			path = View;
			sourceTree = "<group>";
		};
		51F2873C23039F9300BBCAC4 /* ViewModel */ = {
			isa = PBXGroup;
			children = (
			);
			path = ViewModel;
			sourceTree = "<group>";
		};
		51F2873D23039F9D00BBCAC4 /* View */ = {
			isa = PBXGroup;
			children = (
			);
			path = View;
			sourceTree = "<group>";
		};
		51F2873E23039FA300BBCAC4 /* Model */ = {
			isa = PBXGroup;
			children = (
			);
			path = Model;
			sourceTree = "<group>";
		};
		B2453FD0BD612B9C8565CC3F /* Frameworks */ = {
			isa = PBXGroup;
			children = (
				08A5A991B4D5654ECB278F47 /* Pods_HZQ_Swift.framework */,
			);
			name = Frameworks;
			sourceTree = "<group>";
		};
/* End PBXGroup section */

/* Begin PBXNativeTarget section */
		5134D51222F2CE8400CA14CF /* HZQ-Swift */ = {
			isa = PBXNativeTarget;
			buildConfigurationList = 5134D53B22F2CE8500CA14CF /* Build configuration list for PBXNativeTarget "HZQ-Swift" */;
			buildPhases = (
				8010624D28B58F1145A1E602 /* [CP] Check Pods Manifest.lock */,
				5134D50F22F2CE8400CA14CF /* Sources */,
				5134D51022F2CE8400CA14CF /* Frameworks */,
				5134D51122F2CE8400CA14CF /* Resources */,
				DB3457DC87E3B584CEA28455 /* [CP] Embed Pods Frameworks */,
			);
			buildRules = (
			);
			dependencies = (
			);
			name = "HZQ-Swift";
			productName = "HZQ-Swift";
			productReference = 5134D51322F2CE8400CA14CF /* HZQ-Swift.app */;
			productType = "com.apple.product-type.application";
		};
		5134D52622F2CE8500CA14CF /* HZQ-SwiftTests */ = {
			isa = PBXNativeTarget;
			buildConfigurationList = 5134D53E22F2CE8500CA14CF /* Build configuration list for PBXNativeTarget "HZQ-SwiftTests" */;
			buildPhases = (
				5134D52322F2CE8500CA14CF /* Sources */,
				5134D52422F2CE8500CA14CF /* Frameworks */,
				5134D52522F2CE8500CA14CF /* Resources */,
			);
			buildRules = (
			);
			dependencies = (
				5134D52922F2CE8500CA14CF /* PBXTargetDependency */,
			);
			name = "HZQ-SwiftTests";
			productName = "HZQ-SwiftTests";
			productReference = 5134D52722F2CE8500CA14CF /* HZQ-SwiftTests.xctest */;
			productType = "com.apple.product-type.bundle.unit-test";
		};
		5134D53122F2CE8500CA14CF /* HZQ-SwiftUITests */ = {
			isa = PBXNativeTarget;
			buildConfigurationList = 5134D54122F2CE8500CA14CF /* Build configuration list for PBXNativeTarget "HZQ-SwiftUITests" */;
			buildPhases = (
				5134D52E22F2CE8500CA14CF /* Sources */,
				5134D52F22F2CE8500CA14CF /* Frameworks */,
				5134D53022F2CE8500CA14CF /* Resources */,
			);
			buildRules = (
			);
			dependencies = (
				5134D53422F2CE8500CA14CF /* PBXTargetDependency */,
			);
			name = "HZQ-SwiftUITests";
			productName = "HZQ-SwiftUITests";
			productReference = 5134D53222F2CE8500CA14CF /* HZQ-SwiftUITests.xctest */;
			productType = "com.apple.product-type.bundle.ui-testing";
		};
/* End PBXNativeTarget section */

/* Begin PBXProject section */
		5134D50B22F2CE8400CA14CF /* Project object */ = {
			isa = PBXProject;
			attributes = {
				CLASSPREFIX = HZ;
				LastSwiftUpdateCheck = 1030;
				LastUpgradeCheck = 1030;
				ORGANIZATIONNAME = huzhiqiang;
				TargetAttributes = {
					5134D51222F2CE8400CA14CF = {
						CreatedOnToolsVersion = 10.3;
					};
					5134D52622F2CE8500CA14CF = {
						CreatedOnToolsVersion = 10.3;
						TestTargetID = 5134D51222F2CE8400CA14CF;
					};
					5134D53122F2CE8500CA14CF = {
						CreatedOnToolsVersion = 10.3;
						TestTargetID = 5134D51222F2CE8400CA14CF;
					};
				};
			};
			buildConfigurationList = 5134D50E22F2CE8400CA14CF /* Build configuration list for PBXProject "HZQ-Swift" */;
			compatibilityVersion = "Xcode 9.3";
			developmentRegion = en;
			hasScannedForEncodings = 0;
			knownRegions = (
				en,
				Base,
			);
			mainGroup = 5134D50A22F2CE8400CA14CF;
			productRefGroup = 5134D51422F2CE8400CA14CF /* Products */;
			projectDirPath = "";
			projectRoot = "";
			targets = (
				5134D51222F2CE8400CA14CF /* HZQ-Swift */,
				5134D52622F2CE8500CA14CF /* HZQ-SwiftTests */,
				5134D53122F2CE8500CA14CF /* HZQ-SwiftUITests */,
			);
		};
/* End PBXProject section */

/* Begin PBXResourcesBuildPhase section */
		5134D51122F2CE8400CA14CF /* Resources */ = {
			isa = PBXResourcesBuildPhase;
			buildActionMask = 2147483647;
			files = (
				5134D52122F2CE8500CA14CF /* LaunchScreen.storyboard in Resources */,
				51F287482303A03400BBCAC4 /* FindRecommend.json in Resources */,
				51B7ADEA22FD520400FD9424 /* listenMoreChannel.json in Resources */,
				51F287472303A03400BBCAC4 /* FindDud.json in Resources */,
				51B7ADE822FD520400FD9424 /* listenRecommend.json in Resources */,
				5134D51E22F2CE8500CA14CF /* Assets.xcassets in Resources */,
				5134D51C22F2CE8400CA14CF /* Main.storyboard in Resources */,
				51B7ADE922FD520400FD9424 /* listenSubscibe.json in Resources */,
				51F287462303A03400BBCAC4 /* FindAttention.json in Resources */,
			);
			runOnlyForDeploymentPostprocessing = 0;
		};
		5134D52522F2CE8500CA14CF /* Resources */ = {
			isa = PBXResourcesBuildPhase;
			buildActionMask = 2147483647;
			files = (
			);
			runOnlyForDeploymentPostprocessing = 0;
		};
		5134D53022F2CE8500CA14CF /* Resources */ = {
			isa = PBXResourcesBuildPhase;
			buildActionMask = 2147483647;
			files = (
			);
			runOnlyForDeploymentPostprocessing = 0;
		};
/* End PBXResourcesBuildPhase section */

/* Begin PBXShellScriptBuildPhase section */
		8010624D28B58F1145A1E602 /* [CP] Check Pods Manifest.lock */ = {
			isa = PBXShellScriptBuildPhase;
			buildActionMask = 2147483647;
			files = (
			);
			inputPaths = (
				"${PODS_PODFILE_DIR_PATH}/Podfile.lock",
				"${PODS_ROOT}/Manifest.lock",
			);
			name = "[CP] Check Pods Manifest.lock";
			outputPaths = (
				"$(DERIVED_FILE_DIR)/Pods-HZQ-Swift-checkManifestLockResult.txt",
			);
			runOnlyForDeploymentPostprocessing = 0;
			shellPath = /bin/sh;
			shellScript = "diff \"${PODS_PODFILE_DIR_PATH}/Podfile.lock\" \"${PODS_ROOT}/Manifest.lock\" > /dev/null\nif [ $? != 0 ] ; then\n    # print error to STDERR\n    echo \"error: The sandbox is not in sync with the Podfile.lock. Run 'pod install' or update your CocoaPods installation.\" >&2\n    exit 1\nfi\n# This output is used by Xcode 'outputs' to avoid re-running this script phase.\necho \"SUCCESS\" > \"${SCRIPT_OUTPUT_FILE_0}\"\n";
			showEnvVarsInLog = 0;
		};
		DB3457DC87E3B584CEA28455 /* [CP] Embed Pods Frameworks */ = {
			isa = PBXShellScriptBuildPhase;
			buildActionMask = 2147483647;
			files = (
			);
			inputPaths = (
				"${SRCROOT}/Pods/Target Support Files/Pods-HZQ-Swift/Pods-HZQ-Swift-frameworks.sh",
				"${BUILT_PRODUCTS_DIR}/Alamofire/Alamofire.framework",
				"${BUILT_PRODUCTS_DIR}/DNSPageView/DNSPageView.framework",
				"${BUILT_PRODUCTS_DIR}/ESTabBarController-swift/ESTabBarController_swift.framework",
				"${BUILT_PRODUCTS_DIR}/FSPagerView/FSPagerView.framework",
				"${BUILT_PRODUCTS_DIR}/HandyJSON/HandyJSON.framework",
				"${BUILT_PRODUCTS_DIR}/JXMarqueeView/JXMarqueeView.framework",
				"${BUILT_PRODUCTS_DIR}/Kingfisher/Kingfisher.framework",
				"${BUILT_PRODUCTS_DIR}/LTScrollView/LTScrollView.framework",
				"${BUILT_PRODUCTS_DIR}/MJRefresh/MJRefresh.framework",
				"${BUILT_PRODUCTS_DIR}/Moya/Moya.framework",
				"${BUILT_PRODUCTS_DIR}/Result/Result.framework",
				"${BUILT_PRODUCTS_DIR}/SVProgressHUD/SVProgressHUD.framework",
				"${BUILT_PRODUCTS_DIR}/SnapKit/SnapKit.framework",
				"${BUILT_PRODUCTS_DIR}/StreamingKit/StreamingKit.framework",
				"${BUILT_PRODUCTS_DIR}/SwiftMessages/SwiftMessages.framework",
				"${BUILT_PRODUCTS_DIR}/SwiftyJSON/SwiftyJSON.framework",
			);
			name = "[CP] Embed Pods Frameworks";
			outputPaths = (
				"${TARGET_BUILD_DIR}/${FRAMEWORKS_FOLDER_PATH}/Alamofire.framework",
				"${TARGET_BUILD_DIR}/${FRAMEWORKS_FOLDER_PATH}/DNSPageView.framework",
				"${TARGET_BUILD_DIR}/${FRAMEWORKS_FOLDER_PATH}/ESTabBarController_swift.framework",
				"${TARGET_BUILD_DIR}/${FRAMEWORKS_FOLDER_PATH}/FSPagerView.framework",
				"${TARGET_BUILD_DIR}/${FRAMEWORKS_FOLDER_PATH}/HandyJSON.framework",
				"${TARGET_BUILD_DIR}/${FRAMEWORKS_FOLDER_PATH}/JXMarqueeView.framework",
				"${TARGET_BUILD_DIR}/${FRAMEWORKS_FOLDER_PATH}/Kingfisher.framework",
				"${TARGET_BUILD_DIR}/${FRAMEWORKS_FOLDER_PATH}/LTScrollView.framework",
				"${TARGET_BUILD_DIR}/${FRAMEWORKS_FOLDER_PATH}/MJRefresh.framework",
				"${TARGET_BUILD_DIR}/${FRAMEWORKS_FOLDER_PATH}/Moya.framework",
				"${TARGET_BUILD_DIR}/${FRAMEWORKS_FOLDER_PATH}/Result.framework",
				"${TARGET_BUILD_DIR}/${FRAMEWORKS_FOLDER_PATH}/SVProgressHUD.framework",
				"${TARGET_BUILD_DIR}/${FRAMEWORKS_FOLDER_PATH}/SnapKit.framework",
				"${TARGET_BUILD_DIR}/${FRAMEWORKS_FOLDER_PATH}/StreamingKit.framework",
				"${TARGET_BUILD_DIR}/${FRAMEWORKS_FOLDER_PATH}/SwiftMessages.framework",
				"${TARGET_BUILD_DIR}/${FRAMEWORKS_FOLDER_PATH}/SwiftyJSON.framework",
			);
			runOnlyForDeploymentPostprocessing = 0;
			shellPath = /bin/sh;
			shellScript = "\"${SRCROOT}/Pods/Target Support Files/Pods-HZQ-Swift/Pods-HZQ-Swift-frameworks.sh\"\n";
			showEnvVarsInLog = 0;
		};
/* End PBXShellScriptBuildPhase section */

/* Begin PBXSourcesBuildPhase section */
		5134D50F22F2CE8400CA14CF /* Sources */ = {
			isa = PBXSourcesBuildPhase;
			buildActionMask = 2147483647;
			files = (
				5134D55522F2D81C00CA14CF /* HZListenViewController.swift in Sources */,
				5145988822FC1BB800F71533 /* HZMainOneKeyListenCell.swift in Sources */,
				51B7ADC222FD493D00FD9424 /* HZListenRecommendController.swift in Sources */,
				5134D5BD22F3CA8B00CA14CF /* HZHomeVIPViewController.swift in Sources */,
				5134D5CC22F4183D00CA14CF /* HZRecommendModel.swift in Sources */,
				51F2872923024B8400BBCAC4 /* HZOneKeyListenLTCell.swift in Sources */,
				5134D51922F2CE8400CA14CF /* ViewController.swift in Sources */,
				51F2873923039F7400BBCAC4 /* HZFindAttentionController.swift in Sources */,
				5134D5A022F2DF0300CA14CF /* WRNavigationBar.swift in Sources */,
				51F2874E2303F3DA00BBCAC4 /* HZFindCell.swift in Sources */,
				51F2872B23024C0E00BBCAC4 /* HZListenChannelViewModel.swift in Sources */,
				5134D5A822F2DF7C00CA14CF /* HZHeader.swift in Sources */,
				5134D5B522F3CA3500CA14CF /* HZHomeRecommendController.swift in Sources */,
				5134D5C622F3E2CE00CA14CF /* HZRecommendViewModel.swift in Sources */,
				5134D5D022F42E5800CA14CF /* HZWebViewController.swift in Sources */,
				5134D5A422F2DF0300CA14CF /* WRCycleCell.swift in Sources */,
				5134D55122F2D7E000CA14CF /* HZFindViewController.swift in Sources */,
				51B7ADC022FD492600FD9424 /* HZListenSubscibeController.swift in Sources */,
				51B7ADB822FD135F00FD9424 /* HZHomeRecommendLiveCell.swift in Sources */,
				5134D55722F2D82500CA14CF /* HZMineViewController.swift in Sources */,
				5145987422F9537200F71533 /* HZRecommendNewsCell.swift in Sources */,
				5134D5C422F3D34800CA14CF /* HZHomeGuessYouLikeMoreViewController.swift in Sources */,
				5145987E22FAA7D800F71533 /* HZHotAudioBookCell.swift in Sources */,
				51F2871F2300FF0600BBCAC4 /* HZListenSubscibeViewModel.swift in Sources */,
				5134D59F22F2DF0300CA14CF /* LBFMCustomLabel.swift in Sources */,
				51F2874023039FC500BBCAC4 /* HZFindRecommendController.swift in Sources */,
				5145987922F96EE400F71533 /* HZGuessYouLikeCell.swift in Sources */,
				5134D5A122F2DF0300CA14CF /* WRCustomNavigationBar.swift in Sources */,
				51F2872D2302940200BBCAC4 /* HZListenRecommendCell.swift in Sources */,
				5134D55922F2D83600CA14CF /* HZPlayViewController.swift in Sources */,
				5134D5B922F3CA6500CA14CF /* HZHomeBroadcastViewController.swift in Sources */,
				5134D5A522F2DF0300CA14CF /* URefresh.swift in Sources */,
				5134D51722F2CE8400CA14CF /* AppDelegate.swift in Sources */,
				5134D5AC22F2E20100CA14CF /* HZBouncesContentView.swift in Sources */,
				5145988322FBD02400F71533 /* HZAdvertCell.swift in Sources */,
				5134D59122F2DEE300CA14CF /* HZNavigationController.swift in Sources */,
				5134D5CA22F3E5BB00CA14CF /* HZRecommendHeaderCell.swift in Sources */,
				5145987122F80AD900F71533 /* HZRecommendGridCell.swift in Sources */,
				51F2874A2303A59300BBCAC4 /* HZFindModel.swift in Sources */,
				5145988B22FD056300F71533 /* HZRecommendLiveCell.swift in Sources */,
				5134D5A322F2DF0300CA14CF /* WRCycleScrollView.swift in Sources */,
				51F287212300FF6B00BBCAC4 /* HZListenModel.swift in Sources */,
				51F2874223039FE500BBCAC4 /* HZFindDudController.swift in Sources */,
				51F2872F2302A3AD00BBCAC4 /* HZListenRecommendViewModel.swift in Sources */,
				5145987B22FA657500F71533 /* HZRecommendHeaderView.swift in Sources */,
				5145987722F96E0400F71533 /* HZRecommendGuessLikeCell.swift in Sources */,
				5134D5A222F2DF0300CA14CF /* WRProxy.swift in Sources */,
				51F2872523013F2300BBCAC4 /* HZListenSubscibeCell.swift in Sources */,
				5134D5AE22F2E29300CA14CF /* HZIrregularityBasicContentView.swift in Sources */,
				5134D5BB22F3CA7700CA14CF /* HZHomeLiveViewController.swift in Sources */,
				51B7ADE422FD50C400FD9424 /* HZListenHeaderView.swift in Sources */,
				51F2874C2303F1FB00BBCAC4 /* HZFindHeaderView.swift in Sources */,
				51F2871D2300FA0300BBCAC4 /* HZListenAPI.swift in Sources */,
				5145988022FABE6200F71533 /* HZHotAudioBooMainCell.swift in Sources */,
				5134D5CE22F4217700CA14CF /* HZRecommendAPI.swift in Sources */,
				51B7ADC422FD495700FD9424 /* HZListenChannelController.swift in Sources */,
				5134D5AA22F2E1A600CA14CF /* HZBasicContentView.swift in Sources */,
				5134D5A622F2DF0300CA14CF /* ReplicatorLayer.swift in Sources */,
				51F287272302499F00BBCAC4 /* HZListenChannelCell.swift in Sources */,
				5134D55322F2D80400CA14CF /* HZHomeViewController.swift in Sources */,
				5134D5B722F3CA5200CA14CF /* HZHomeClassifyViewController.swift in Sources */,
				51F28723230111CD00BBCAC4 /* HZListenFooterView.swift in Sources */,
				5145988622FC0C2200F71533 /* HZOneKeyListenCell.swift in Sources */,
			);
			runOnlyForDeploymentPostprocessing = 0;
		};
		5134D52322F2CE8500CA14CF /* Sources */ = {
			isa = PBXSourcesBuildPhase;
			buildActionMask = 2147483647;
			files = (
				5134D52C22F2CE8500CA14CF /* HZQ_SwiftTests.swift in Sources */,
			);
			runOnlyForDeploymentPostprocessing = 0;
		};
		5134D52E22F2CE8500CA14CF /* Sources */ = {
			isa = PBXSourcesBuildPhase;
			buildActionMask = 2147483647;
			files = (
				5134D53722F2CE8500CA14CF /* HZQ_SwiftUITests.swift in Sources */,
			);
			runOnlyForDeploymentPostprocessing = 0;
		};
/* End PBXSourcesBuildPhase section */

/* Begin PBXTargetDependency section */
		5134D52922F2CE8500CA14CF /* PBXTargetDependency */ = {
			isa = PBXTargetDependency;
			target = 5134D51222F2CE8400CA14CF /* HZQ-Swift */;
			targetProxy = 5134D52822F2CE8500CA14CF /* PBXContainerItemProxy */;
		};
		5134D53422F2CE8500CA14CF /* PBXTargetDependency */ = {
			isa = PBXTargetDependency;
			target = 5134D51222F2CE8400CA14CF /* HZQ-Swift */;
			targetProxy = 5134D53322F2CE8500CA14CF /* PBXContainerItemProxy */;
		};
/* End PBXTargetDependency section */

/* Begin PBXVariantGroup section */
		5134D51A22F2CE8400CA14CF /* Main.storyboard */ = {
			isa = PBXVariantGroup;
			children = (
				5134D51B22F2CE8400CA14CF /* Base */,
			);
			name = Main.storyboard;
			sourceTree = "<group>";
		};
		5134D51F22F2CE8500CA14CF /* LaunchScreen.storyboard */ = {
			isa = PBXVariantGroup;
			children = (
				5134D52022F2CE8500CA14CF /* Base */,
			);
			name = LaunchScreen.storyboard;
			sourceTree = "<group>";
		};
/* End PBXVariantGroup section */

/* Begin XCBuildConfiguration section */
		5134D53922F2CE8500CA14CF /* Debug */ = {
			isa = XCBuildConfiguration;
			buildSettings = {
				ALWAYS_SEARCH_USER_PATHS = NO;
				CLANG_ANALYZER_NONNULL = YES;
				CLANG_ANALYZER_NUMBER_OBJECT_CONVERSION = YES_AGGRESSIVE;
				CLANG_CXX_LANGUAGE_STANDARD = "gnu++14";
				CLANG_CXX_LIBRARY = "libc++";
				CLANG_ENABLE_MODULES = YES;
				CLANG_ENABLE_OBJC_ARC = YES;
				CLANG_ENABLE_OBJC_WEAK = YES;
				CLANG_WARN_BLOCK_CAPTURE_AUTORELEASING = YES;
				CLANG_WARN_BOOL_CONVERSION = YES;
				CLANG_WARN_COMMA = YES;
				CLANG_WARN_CONSTANT_CONVERSION = YES;
				CLANG_WARN_DEPRECATED_OBJC_IMPLEMENTATIONS = YES;
				CLANG_WARN_DIRECT_OBJC_ISA_USAGE = YES_ERROR;
				CLANG_WARN_DOCUMENTATION_COMMENTS = YES;
				CLANG_WARN_EMPTY_BODY = YES;
				CLANG_WARN_ENUM_CONVERSION = YES;
				CLANG_WARN_INFINITE_RECURSION = YES;
				CLANG_WARN_INT_CONVERSION = YES;
				CLANG_WARN_NON_LITERAL_NULL_CONVERSION = YES;
				CLANG_WARN_OBJC_IMPLICIT_RETAIN_SELF = YES;
				CLANG_WARN_OBJC_LITERAL_CONVERSION = YES;
				CLANG_WARN_OBJC_ROOT_CLASS = YES_ERROR;
				CLANG_WARN_RANGE_LOOP_ANALYSIS = YES;
				CLANG_WARN_STRICT_PROTOTYPES = YES;
				CLANG_WARN_SUSPICIOUS_MOVE = YES;
				CLANG_WARN_UNGUARDED_AVAILABILITY = YES_AGGRESSIVE;
				CLANG_WARN_UNREACHABLE_CODE = YES;
				CLANG_WARN__DUPLICATE_METHOD_MATCH = YES;
				CODE_SIGN_IDENTITY = "iPhone Developer";
				COPY_PHASE_STRIP = NO;
				DEBUG_INFORMATION_FORMAT = dwarf;
				ENABLE_STRICT_OBJC_MSGSEND = YES;
				ENABLE_TESTABILITY = YES;
				GCC_C_LANGUAGE_STANDARD = gnu11;
				GCC_DYNAMIC_NO_PIC = NO;
				GCC_NO_COMMON_BLOCKS = YES;
				GCC_OPTIMIZATION_LEVEL = 0;
				GCC_PREPROCESSOR_DEFINITIONS = (
					"DEBUG=1",
					"$(inherited)",
				);
				GCC_WARN_64_TO_32_BIT_CONVERSION = YES;
				GCC_WARN_ABOUT_RETURN_TYPE = YES_ERROR;
				GCC_WARN_UNDECLARED_SELECTOR = YES;
				GCC_WARN_UNINITIALIZED_AUTOS = YES_AGGRESSIVE;
				GCC_WARN_UNUSED_FUNCTION = YES;
				GCC_WARN_UNUSED_VARIABLE = YES;
				IPHONEOS_DEPLOYMENT_TARGET = 12.4;
				MTL_ENABLE_DEBUG_INFO = INCLUDE_SOURCE;
				MTL_FAST_MATH = YES;
				ONLY_ACTIVE_ARCH = YES;
				SDKROOT = iphoneos;
				SWIFT_ACTIVE_COMPILATION_CONDITIONS = DEBUG;
				SWIFT_OPTIMIZATION_LEVEL = "-Onone";
				SWIFT_VERSION = 5.0;
			};
			name = Debug;
		};
		5134D53A22F2CE8500CA14CF /* Release */ = {
			isa = XCBuildConfiguration;
			buildSettings = {
				ALWAYS_SEARCH_USER_PATHS = NO;
				CLANG_ANALYZER_NONNULL = YES;
				CLANG_ANALYZER_NUMBER_OBJECT_CONVERSION = YES_AGGRESSIVE;
				CLANG_CXX_LANGUAGE_STANDARD = "gnu++14";
				CLANG_CXX_LIBRARY = "libc++";
				CLANG_ENABLE_MODULES = YES;
				CLANG_ENABLE_OBJC_ARC = YES;
				CLANG_ENABLE_OBJC_WEAK = YES;
				CLANG_WARN_BLOCK_CAPTURE_AUTORELEASING = YES;
				CLANG_WARN_BOOL_CONVERSION = YES;
				CLANG_WARN_COMMA = YES;
				CLANG_WARN_CONSTANT_CONVERSION = YES;
				CLANG_WARN_DEPRECATED_OBJC_IMPLEMENTATIONS = YES;
				CLANG_WARN_DIRECT_OBJC_ISA_USAGE = YES_ERROR;
				CLANG_WARN_DOCUMENTATION_COMMENTS = YES;
				CLANG_WARN_EMPTY_BODY = YES;
				CLANG_WARN_ENUM_CONVERSION = YES;
				CLANG_WARN_INFINITE_RECURSION = YES;
				CLANG_WARN_INT_CONVERSION = YES;
				CLANG_WARN_NON_LITERAL_NULL_CONVERSION = YES;
				CLANG_WARN_OBJC_IMPLICIT_RETAIN_SELF = YES;
				CLANG_WARN_OBJC_LITERAL_CONVERSION = YES;
				CLANG_WARN_OBJC_ROOT_CLASS = YES_ERROR;
				CLANG_WARN_RANGE_LOOP_ANALYSIS = YES;
				CLANG_WARN_STRICT_PROTOTYPES = YES;
				CLANG_WARN_SUSPICIOUS_MOVE = YES;
				CLANG_WARN_UNGUARDED_AVAILABILITY = YES_AGGRESSIVE;
				CLANG_WARN_UNREACHABLE_CODE = YES;
				CLANG_WARN__DUPLICATE_METHOD_MATCH = YES;
				CODE_SIGN_IDENTITY = "iPhone Developer";
				COPY_PHASE_STRIP = NO;
				DEBUG_INFORMATION_FORMAT = "dwarf-with-dsym";
				ENABLE_NS_ASSERTIONS = NO;
				ENABLE_STRICT_OBJC_MSGSEND = YES;
				GCC_C_LANGUAGE_STANDARD = gnu11;
				GCC_NO_COMMON_BLOCKS = YES;
				GCC_WARN_64_TO_32_BIT_CONVERSION = YES;
				GCC_WARN_ABOUT_RETURN_TYPE = YES_ERROR;
				GCC_WARN_UNDECLARED_SELECTOR = YES;
				GCC_WARN_UNINITIALIZED_AUTOS = YES_AGGRESSIVE;
				GCC_WARN_UNUSED_FUNCTION = YES;
				GCC_WARN_UNUSED_VARIABLE = YES;
				IPHONEOS_DEPLOYMENT_TARGET = 12.4;
				MTL_ENABLE_DEBUG_INFO = NO;
				MTL_FAST_MATH = YES;
				SDKROOT = iphoneos;
				SWIFT_COMPILATION_MODE = wholemodule;
				SWIFT_OPTIMIZATION_LEVEL = "-O";
				SWIFT_VERSION = 5.0;
				VALIDATE_PRODUCT = YES;
			};
			name = Release;
		};
		5134D53C22F2CE8500CA14CF /* Debug */ = {
			isa = XCBuildConfiguration;
			baseConfigurationReference = 61CEC67C3F9C0535A120E221 /* Pods-HZQ-Swift.debug.xcconfig */;
			buildSettings = {
				ASSETCATALOG_COMPILER_APPICON_NAME = AppIcon;
				ASSETCATALOG_COMPILER_LAUNCHIMAGE_NAME = LaunchImage;
				CODE_SIGN_STYLE = Automatic;
				INFOPLIST_FILE = "HZQ-Swift/Info.plist";
				IPHONEOS_DEPLOYMENT_TARGET = 10.0;
				LD_RUNPATH_SEARCH_PATHS = (
					"$(inherited)",
					"@executable_path/Frameworks",
				);
				PRODUCT_BUNDLE_IDENTIFIER = "hangMan.HZQ-Swift";
				PRODUCT_NAME = "$(TARGET_NAME)";
				SWIFT_VERSION = 5.0;
				TARGETED_DEVICE_FAMILY = 1;
			};
			name = Debug;
		};
		5134D53D22F2CE8500CA14CF /* Release */ = {
			isa = XCBuildConfiguration;
			baseConfigurationReference = 28B143BEF488C71844A2675B /* Pods-HZQ-Swift.release.xcconfig */;
			buildSettings = {
				ASSETCATALOG_COMPILER_APPICON_NAME = AppIcon;
				ASSETCATALOG_COMPILER_LAUNCHIMAGE_NAME = LaunchImage;
				CODE_SIGN_STYLE = Automatic;
				INFOPLIST_FILE = "HZQ-Swift/Info.plist";
				IPHONEOS_DEPLOYMENT_TARGET = 10.0;
				LD_RUNPATH_SEARCH_PATHS = (
					"$(inherited)",
					"@executable_path/Frameworks",
				);
				PRODUCT_BUNDLE_IDENTIFIER = "hangMan.HZQ-Swift";
				PRODUCT_NAME = "$(TARGET_NAME)";
				SWIFT_VERSION = 5.0;
				TARGETED_DEVICE_FAMILY = 1;
			};
			name = Release;
		};
		5134D53F22F2CE8500CA14CF /* Debug */ = {
			isa = XCBuildConfiguration;
			buildSettings = {
				ALWAYS_EMBED_SWIFT_STANDARD_LIBRARIES = YES;
				BUNDLE_LOADER = "$(TEST_HOST)";
				CODE_SIGN_STYLE = Automatic;
				INFOPLIST_FILE = "HZQ-SwiftTests/Info.plist";
				LD_RUNPATH_SEARCH_PATHS = (
					"$(inherited)",
					"@executable_path/Frameworks",
					"@loader_path/Frameworks",
				);
				PRODUCT_BUNDLE_IDENTIFIER = "hangMan.HZQ-SwiftTests";
				PRODUCT_NAME = "$(TARGET_NAME)";
				SWIFT_VERSION = 5.0;
				TARGETED_DEVICE_FAMILY = "1,2";
				TEST_HOST = "$(BUILT_PRODUCTS_DIR)/HZQ-Swift.app/HZQ-Swift";
			};
			name = Debug;
		};
		5134D54022F2CE8500CA14CF /* Release */ = {
			isa = XCBuildConfiguration;
			buildSettings = {
				ALWAYS_EMBED_SWIFT_STANDARD_LIBRARIES = YES;
				BUNDLE_LOADER = "$(TEST_HOST)";
				CODE_SIGN_STYLE = Automatic;
				INFOPLIST_FILE = "HZQ-SwiftTests/Info.plist";
				LD_RUNPATH_SEARCH_PATHS = (
					"$(inherited)",
					"@executable_path/Frameworks",
					"@loader_path/Frameworks",
				);
				PRODUCT_BUNDLE_IDENTIFIER = "hangMan.HZQ-SwiftTests";
				PRODUCT_NAME = "$(TARGET_NAME)";
				SWIFT_VERSION = 5.0;
				TARGETED_DEVICE_FAMILY = "1,2";
				TEST_HOST = "$(BUILT_PRODUCTS_DIR)/HZQ-Swift.app/HZQ-Swift";
			};
			name = Release;
		};
		5134D54222F2CE8500CA14CF /* Debug */ = {
			isa = XCBuildConfiguration;
			buildSettings = {
				ALWAYS_EMBED_SWIFT_STANDARD_LIBRARIES = YES;
				CODE_SIGN_STYLE = Automatic;
				INFOPLIST_FILE = "HZQ-SwiftUITests/Info.plist";
				LD_RUNPATH_SEARCH_PATHS = (
					"$(inherited)",
					"@executable_path/Frameworks",
					"@loader_path/Frameworks",
				);
				PRODUCT_BUNDLE_IDENTIFIER = "hangMan.HZQ-SwiftUITests";
				PRODUCT_NAME = "$(TARGET_NAME)";
				SWIFT_VERSION = 5.0;
				TARGETED_DEVICE_FAMILY = "1,2";
				TEST_TARGET_NAME = "HZQ-Swift";
			};
			name = Debug;
		};
		5134D54322F2CE8500CA14CF /* Release */ = {
			isa = XCBuildConfiguration;
			buildSettings = {
				ALWAYS_EMBED_SWIFT_STANDARD_LIBRARIES = YES;
				CODE_SIGN_STYLE = Automatic;
				INFOPLIST_FILE = "HZQ-SwiftUITests/Info.plist";
				LD_RUNPATH_SEARCH_PATHS = (
					"$(inherited)",
					"@executable_path/Frameworks",
					"@loader_path/Frameworks",
				);
				PRODUCT_BUNDLE_IDENTIFIER = "hangMan.HZQ-SwiftUITests";
				PRODUCT_NAME = "$(TARGET_NAME)";
				SWIFT_VERSION = 5.0;
				TARGETED_DEVICE_FAMILY = "1,2";
				TEST_TARGET_NAME = "HZQ-Swift";
			};
			name = Release;
		};
/* End XCBuildConfiguration section */

/* Begin XCConfigurationList section */
		5134D50E22F2CE8400CA14CF /* Build configuration list for PBXProject "HZQ-Swift" */ = {
			isa = XCConfigurationList;
			buildConfigurations = (
				5134D53922F2CE8500CA14CF /* Debug */,
				5134D53A22F2CE8500CA14CF /* Release */,
			);
			defaultConfigurationIsVisible = 0;
			defaultConfigurationName = Release;
		};
		5134D53B22F2CE8500CA14CF /* Build configuration list for PBXNativeTarget "HZQ-Swift" */ = {
			isa = XCConfigurationList;
			buildConfigurations = (
				5134D53C22F2CE8500CA14CF /* Debug */,
				5134D53D22F2CE8500CA14CF /* Release */,
			);
			defaultConfigurationIsVisible = 0;
			defaultConfigurationName = Release;
		};
		5134D53E22F2CE8500CA14CF /* Build configuration list for PBXNativeTarget "HZQ-SwiftTests" */ = {
			isa = XCConfigurationList;
			buildConfigurations = (
				5134D53F22F2CE8500CA14CF /* Debug */,
				5134D54022F2CE8500CA14CF /* Release */,
			);
			defaultConfigurationIsVisible = 0;
			defaultConfigurationName = Release;
		};
		5134D54122F2CE8500CA14CF /* Build configuration list for PBXNativeTarget "HZQ-SwiftUITests" */ = {
			isa = XCConfigurationList;
			buildConfigurations = (
				5134D54222F2CE8500CA14CF /* Debug */,
				5134D54322F2CE8500CA14CF /* Release */,
			);
			defaultConfigurationIsVisible = 0;
			defaultConfigurationName = Release;
		};
/* End XCConfigurationList section */
	};
	rootObject = 5134D50B22F2CE8400CA14CF /* Project object */;
}
